# This file was autogenerated by uv via the following command:
#    uv pip compile pyproject.toml -o requirements.lock
asgiref==3.10.0
    # via django
cffi==2.0.0
    # via cryptography
cryptography==46.0.3
    # via dj-rest-jwt (pyproject.toml)
django==5.2.7
    # via
    #   dj-rest-jwt (pyproject.toml)
    #   djangorestframework
    #   djangorestframework-simplejwt
djangorestframework==3.16.1
    # via
    #   dj-rest-jwt (pyproject.toml)
    #   djangorestframework-simplejwt
djangorestframework-simplejwt==5.5.1
    # via dj-rest-jwt (pyproject.toml)
pycparser==2.23
    # via cffi
pyjwt==2.10.1
    # via
    #   dj-rest-jwt (pyproject.toml)
    #   djangorestframework-simplejwt
sqlparse==0.5.3
    # via django
typing-extensions==4.15.0
    # via
    #   asgiref
    #   cryptography
